
Microsoft Visual Studio Solution File, Format Version 12.00
# Visual Studio Version 17
VisualStudioVersion = 17.0.32112.339
MinimumVisualStudioVersion = 10.0.40219.1
Project("{FAE04EC0-301F-11D3-BF4B-00C04F79EFBC}") = "Accountant", "Accountant\Accountant.csproj", "{DA7E4104-04DD-4135-9BC1-7D3D5C502C93}"
EndProject
Global
	GlobalSection(SolutionConfigurationPlatforms) = preSolution
		Debug|Any CPU = Debug|Any CPU
		Release|Any CPU = Release|Any CPU
	EndGlobalSection
	GlobalSection(ProjectConfigurationPlatforms) = postSolution
		{DA7E4104-04DD-4135-9BC1-7D3D5C502C93}.Debug|Any CPU.ActiveCfg = Debug|Any CPU
		{DA7E4104-04DD-4135-9BC1-7D3D5C502C93}.Debug|Any CPU.Build.0 = Debug|Any CPU
		{DA7E4104-04DD-4135-9BC1-7D3D5C502C93}.Release|Any CPU.ActiveCfg = Release|Any CPU
		{DA7E4104-04DD-4135-9BC1-7D3D5C502C93}.Release|Any CPU.Build.0 = Release|Any CPU
	EndGlobalSection
	GlobalSection(SolutionProperties) = preSolution
		HideSolutionNode = FALSE
	EndGlobalSection
	GlobalSection(ExtensibilityGlobals) = postSolution
		SolutionGuid = {57947D90-93A0-45DB-87BE-A912A7DE7EEC}
	EndGlobalSection
EndGlobal
